
Microsoft Visual Studio Solution File, Format Version 12.00
# Visual Studio Version 17
VisualStudioVersion = 17.8.34330.188
MinimumVisualStudioVersion = 10.0.40219.1
Project("{FAE04EC0-301F-11D3-BF4B-00C04F79EFBC}") = "DMS", "DMS.csproj", "{6F5E0A67-A1CC-458E-87D0-E596E5D23530}"
EndProject
Global
	GlobalSection(SolutionConfigurationPlatforms) = preSolution
		Debug|Any CPU = Debug|Any CPU
		Release|Any CPU = Release|Any CPU
	EndGlobalSection
	GlobalSection(ProjectConfigurationPlatforms) = postSolution
		{6F5E0A67-A1CC-458E-87D0-E596E5D23530}.Debug|Any CPU.ActiveCfg = Debug|Any CPU
		{6F5E0A67-A1CC-458E-87D0-E596E5D23530}.Debug|Any CPU.Build.0 = Debug|Any CPU
		{6F5E0A67-A1CC-458E-87D0-E596E5D23530}.Release|Any CPU.ActiveCfg = Release|Any CPU
		{6F5E0A67-A1CC-458E-87D0-E596E5D23530}.Release|Any CPU.Build.0 = Release|Any CPU
	EndGlobalSection
	GlobalSection(SolutionProperties) = preSolution
		HideSolutionNode = FALSE
	EndGlobalSection
	GlobalSection(ExtensibilityGlobals) = postSolution
		SolutionGuid = {772A62F1-C47F-4395-A260-5F52A9658E37}
	EndGlobalSection
EndGlobal
